// !$*UTF8*$!
{
	archiveVersion = 1;
	classes = {
	};
	objectVersion = 50;
	objects = {

/* Begin PBXBuildFile section */
		237C844F21E6E55F0058652A /* AppDelegate.m in Sources */ = {isa = PBXBuildFile; fileRef = 237C844E21E6E55F0058652A /* AppDelegate.m */; };
		237C845521E6E55F0058652A /* Main.storyboard in Resources */ = {isa = PBXBuildFile; fileRef = 237C845321E6E55F0058652A /* Main.storyboard */; };
		237C845721E6E5600058652A /* Assets.xcassets in Resources */ = {isa = PBXBuildFile; fileRef = 237C845621E6E5600058652A /* Assets.xcassets */; };
		237C845A21E6E5600058652A /* LaunchScreen.storyboard in Resources */ = {isa = PBXBuildFile; fileRef = 237C845821E6E5600058652A /* LaunchScreen.storyboard */; };
		237C845D21E6E5600058652A /* main.m in Sources */ = {isa = PBXBuildFile; fileRef = 237C845C21E6E5600058652A /* main.m */; };
		23B1916322E82A20003956CF /* YBNestContainerView.m in Sources */ = {isa = PBXBuildFile; fileRef = 23B1916222E82A20003956CF /* YBNestContainerView.m */; };
		23B1916622E82B05003956CF /* YBNestContainerLayout.m in Sources */ = {isa = PBXBuildFile; fileRef = 23B1916522E82B05003956CF /* YBNestContainerLayout.m */; };
		23B1917322E830D3003956CF /* ViewController.mm in Sources */ = {isa = PBXBuildFile; fileRef = 23B1917222E830D3003956CF /* ViewController.mm */; };
		23B1917622E84336003956CF /* NestMainController.m in Sources */ = {isa = PBXBuildFile; fileRef = 23B1917522E84336003956CF /* NestMainController.m */; };
		23B1917922E8442D003956CF /* NestSubView.m in Sources */ = {isa = PBXBuildFile; fileRef = 23B1917822E8442D003956CF /* NestSubView.m */; };
		23B1917C22E84551003956CF /* NestSubController.m in Sources */ = {isa = PBXBuildFile; fileRef = 23B1917B22E84551003956CF /* NestSubController.m */; };
		23B1918822E84F72003956CF /* YBNestTableView.m in Sources */ = {isa = PBXBuildFile; fileRef = 23B1918722E84F72003956CF /* YBNestTableView.m */; };
/* End PBXBuildFile section */

/* Begin PBXFileReference section */
		237C844A21E6E55F0058652A /* YBNestViewsDemo.app */ = {isa = PBXFileReference; explicitFileType = wrapper.application; includeInIndex = 0; path = YBNestViewsDemo.app; sourceTree = BUILT_PRODUCTS_DIR; };
		237C844D21E6E55F0058652A /* AppDelegate.h */ = {isa = PBXFileReference; lastKnownFileType = sourcecode.c.h; path = AppDelegate.h; sourceTree = "<group>"; };
		237C844E21E6E55F0058652A /* AppDelegate.m */ = {isa = PBXFileReference; lastKnownFileType = sourcecode.c.objc; path = AppDelegate.m; sourceTree = "<group>"; };
		237C845421E6E55F0058652A /* Base */ = {isa = PBXFileReference; lastKnownFileType = file.storyboard; name = Base; path = Base.lproj/Main.storyboard; sourceTree = "<group>"; };
		237C845621E6E5600058652A /* Assets.xcassets */ = {isa = PBXFileReference; lastKnownFileType = folder.assetcatalog; path = Assets.xcassets; sourceTree = "<group>"; };
		237C845921E6E5600058652A /* Base */ = {isa = PBXFileReference; lastKnownFileType = file.storyboard; name = Base; path = Base.lproj/LaunchScreen.storyboard; sourceTree = "<group>"; };
		237C845B21E6E5600058652A /* Info.plist */ = {isa = PBXFileReference; lastKnownFileType = text.plist.xml; path = Info.plist; sourceTree = "<group>"; };
		237C845C21E6E5600058652A /* main.m */ = {isa = PBXFileReference; lastKnownFileType = sourcecode.c.objc; path = main.m; sourceTree = "<group>"; };
		23B1916122E82A20003956CF /* YBNestContainerView.h */ = {isa = PBXFileReference; lastKnownFileType = sourcecode.c.h; path = YBNestContainerView.h; sourceTree = "<group>"; };
		23B1916222E82A20003956CF /* YBNestContainerView.m */ = {isa = PBXFileReference; lastKnownFileType = sourcecode.c.objc; path = YBNestContainerView.m; sourceTree = "<group>"; };
		23B1916422E82B05003956CF /* YBNestContainerLayout.h */ = {isa = PBXFileReference; lastKnownFileType = sourcecode.c.h; path = YBNestContainerLayout.h; sourceTree = "<group>"; };
		23B1916522E82B05003956CF /* YBNestContainerLayout.m */ = {isa = PBXFileReference; lastKnownFileType = sourcecode.c.objc; path = YBNestContainerLayout.m; sourceTree = "<group>"; };
		23B1916822E82F9C003956CF /* NestMainController.h */ = {isa = PBXFileReference; lastKnownFileType = sourcecode.c.h; path = NestMainController.h; sourceTree = "<group>"; };
		23B1917122E830D3003956CF /* ViewController.h */ = {isa = PBXFileReference; lastKnownFileType = sourcecode.c.h; path = ViewController.h; sourceTree = "<group>"; };
		23B1917222E830D3003956CF /* ViewController.mm */ = {isa = PBXFileReference; lastKnownFileType = sourcecode.cpp.objcpp; path = ViewController.mm; sourceTree = "<group>"; };
		23B1917522E84336003956CF /* NestMainController.m */ = {isa = PBXFileReference; fileEncoding = 4; lastKnownFileType = sourcecode.c.objc; path = NestMainController.m; sourceTree = "<group>"; };
		23B1917722E8442D003956CF /* NestSubView.h */ = {isa = PBXFileReference; lastKnownFileType = sourcecode.c.h; path = NestSubView.h; sourceTree = "<group>"; };
		23B1917822E8442D003956CF /* NestSubView.m */ = {isa = PBXFileReference; lastKnownFileType = sourcecode.c.objc; path = NestSubView.m; sourceTree = "<group>"; };
		23B1917A22E84551003956CF /* NestSubController.h */ = {isa = PBXFileReference; lastKnownFileType = sourcecode.c.h; path = NestSubController.h; sourceTree = "<group>"; };
		23B1917B22E84551003956CF /* NestSubController.m */ = {isa = PBXFileReference; lastKnownFileType = sourcecode.c.objc; path = NestSubController.m; sourceTree = "<group>"; };
		23B1918622E84F72003956CF /* YBNestTableView.h */ = {isa = PBXFileReference; lastKnownFileType = sourcecode.c.h; path = YBNestTableView.h; sourceTree = "<group>"; };
		23B1918722E84F72003956CF /* YBNestTableView.m */ = {isa = PBXFileReference; lastKnownFileType = sourcecode.c.objc; path = YBNestTableView.m; sourceTree = "<group>"; };
/* End PBXFileReference section */

/* Begin PBXFrameworksBuildPhase section */
		237C844721E6E55F0058652A /* Frameworks */ = {
			isa = PBXFrameworksBuildPhase;
			buildActionMask = 2147483647;
			files = (
			);
			runOnlyForDeploymentPostprocessing = 0;
		};
/* End PBXFrameworksBuildPhase section */

/* Begin PBXGroup section */
		237C844121E6E55F0058652A = {
			isa = PBXGroup;
			children = (
				237C844C21E6E55F0058652A /* YBNestViewsDemo */,
				237C844B21E6E55F0058652A /* Products */,
			);
			sourceTree = "<group>";
		};
		237C844B21E6E55F0058652A /* Products */ = {
			isa = PBXGroup;
			children = (
				237C844A21E6E55F0058652A /* YBNestViewsDemo.app */,
			);
			name = Products;
			sourceTree = "<group>";
		};
		237C844C21E6E55F0058652A /* YBNestViewsDemo */ = {
			isa = PBXGroup;
			children = (
				237C846321E6E5880058652A /* YBNestViews */,
				23B1916722E82CB8003956CF /* Example */,
				23B1917122E830D3003956CF /* ViewController.h */,
				23B1917222E830D3003956CF /* ViewController.mm */,
				237C844D21E6E55F0058652A /* AppDelegate.h */,
				237C844E21E6E55F0058652A /* AppDelegate.m */,
				237C845321E6E55F0058652A /* Main.storyboard */,
				237C845621E6E5600058652A /* Assets.xcassets */,
				237C845821E6E5600058652A /* LaunchScreen.storyboard */,
				237C845B21E6E5600058652A /* Info.plist */,
				237C845C21E6E5600058652A /* main.m */,
			);
			path = YBNestViewsDemo;
			sourceTree = "<group>";
		};
		237C846321E6E5880058652A /* YBNestViews */ = {
			isa = PBXGroup;
			children = (
				23B1916122E82A20003956CF /* YBNestContainerView.h */,
				23B1916222E82A20003956CF /* YBNestContainerView.m */,
				23B1916422E82B05003956CF /* YBNestContainerLayout.h */,
				23B1916522E82B05003956CF /* YBNestContainerLayout.m */,
				23B1918622E84F72003956CF /* YBNestTableView.h */,
				23B1918722E84F72003956CF /* YBNestTableView.m */,
			);
			path = YBNestViews;
			sourceTree = SOURCE_ROOT;
		};
		23B1916722E82CB8003956CF /* Example */ = {
			isa = PBXGroup;
			children = (
				23B1917422E83449003956CF /* 上下+左右滚动 */,
			);
			path = Example;
			sourceTree = "<group>";
		};
		23B1917422E83449003956CF /* 上下+左右滚动 */ = {
			isa = PBXGroup;
			children = (
				23B1916822E82F9C003956CF /* NestMainController.h */,
				23B1917522E84336003956CF /* NestMainController.m */,
				23B1917722E8442D003956CF /* NestSubView.h */,
				23B1917822E8442D003956CF /* NestSubView.m */,
				23B1917A22E84551003956CF /* NestSubController.h */,
				23B1917B22E84551003956CF /* NestSubController.m */,
			);
			path = "上下+左右滚动";
			sourceTree = "<group>";
		};
/* End PBXGroup section */

/* Begin PBXNativeTarget section */
		237C844921E6E55F0058652A /* YBNestViewsDemo */ = {
			isa = PBXNativeTarget;
			buildConfigurationList = 237C846021E6E5600058652A /* Build configuration list for PBXNativeTarget "YBNestViewsDemo" */;
			buildPhases = (
				237C844621E6E55F0058652A /* Sources */,
				237C844721E6E55F0058652A /* Frameworks */,
				237C844821E6E55F0058652A /* Resources */,
			);
			buildRules = (
			);
			dependencies = (
			);
			name = YBNestViewsDemo;
			productName = YBNestViewsDemo;
			productReference = 237C844A21E6E55F0058652A /* YBNestViewsDemo.app */;
			productType = "com.apple.product-type.application";
		};
/* End PBXNativeTarget section */

/* Begin PBXProject section */
		237C844221E6E55F0058652A /* Project object */ = {
			isa = PBXProject;
			attributes = {
				LastUpgradeCheck = 1000;
				ORGANIZATIONNAME = "杨波";
				TargetAttributes = {
					237C844921E6E55F0058652A = {
						CreatedOnToolsVersion = 10.0;
					};
				};
			};
			buildConfigurationList = 237C844521E6E55F0058652A /* Build configuration list for PBXProject "YBNestViewsDemo" */;
			compatibilityVersion = "Xcode 9.3";
			developmentRegion = en;
			hasScannedForEncodings = 0;
			knownRegions = (
				en,
				Base,
			);
			mainGroup = 237C844121E6E55F0058652A;
			productRefGroup = 237C844B21E6E55F0058652A /* Products */;
			projectDirPath = "";
			projectRoot = "";
			targets = (
				237C844921E6E55F0058652A /* YBNestViewsDemo */,
			);
		};
/* End PBXProject section */

/* Begin PBXResourcesBuildPhase section */
		237C844821E6E55F0058652A /* Resources */ = {
			isa = PBXResourcesBuildPhase;
			buildActionMask = 2147483647;
			files = (
				237C845A21E6E5600058652A /* LaunchScreen.storyboard in Resources */,
				237C845721E6E5600058652A /* Assets.xcassets in Resources */,
				237C845521E6E55F0058652A /* Main.storyboard in Resources */,
			);
			runOnlyForDeploymentPostprocessing = 0;
		};
/* End PBXResourcesBuildPhase section */

/* Begin PBXSourcesBuildPhase section */
		237C844621E6E55F0058652A /* Sources */ = {
			isa = PBXSourcesBuildPhase;
			buildActionMask = 2147483647;
			files = (
				23B1917622E84336003956CF /* NestMainController.m in Sources */,
				23B1917322E830D3003956CF /* ViewController.mm in Sources */,
				23B1917922E8442D003956CF /* NestSubView.m in Sources */,
				23B1916622E82B05003956CF /* YBNestContainerLayout.m in Sources */,
				23B1918822E84F72003956CF /* YBNestTableView.m in Sources */,
				237C845D21E6E5600058652A /* main.m in Sources */,
				237C844F21E6E55F0058652A /* AppDelegate.m in Sources */,
				23B1917C22E84551003956CF /* NestSubController.m in Sources */,
				23B1916322E82A20003956CF /* YBNestContainerView.m in Sources */,
			);
			runOnlyForDeploymentPostprocessing = 0;
		};
/* End PBXSourcesBuildPhase section */

/* Begin PBXVariantGroup section */
		237C845321E6E55F0058652A /* Main.storyboard */ = {
			isa = PBXVariantGroup;
			children = (
				237C845421E6E55F0058652A /* Base */,
			);
			name = Main.storyboard;
			sourceTree = "<group>";
		};
		237C845821E6E5600058652A /* LaunchScreen.storyboard */ = {
			isa = PBXVariantGroup;
			children = (
				237C845921E6E5600058652A /* Base */,
			);
			name = LaunchScreen.storyboard;
			sourceTree = "<group>";
		};
/* End PBXVariantGroup section */

/* Begin XCBuildConfiguration section */
		237C845E21E6E5600058652A /* Debug */ = {
			isa = XCBuildConfiguration;
			buildSettings = {
				ALWAYS_SEARCH_USER_PATHS = NO;
				CLANG_ANALYZER_NONNULL = YES;
				CLANG_ANALYZER_NUMBER_OBJECT_CONVERSION = YES_AGGRESSIVE;
				CLANG_CXX_LANGUAGE_STANDARD = "gnu++14";
				CLANG_CXX_LIBRARY = "libc++";
				CLANG_ENABLE_MODULES = YES;
				CLANG_ENABLE_OBJC_ARC = YES;
				CLANG_ENABLE_OBJC_WEAK = YES;
				CLANG_WARN_BLOCK_CAPTURE_AUTORELEASING = YES;
				CLANG_WARN_BOOL_CONVERSION = YES;
				CLANG_WARN_COMMA = YES;
				CLANG_WARN_CONSTANT_CONVERSION = YES;
				CLANG_WARN_DEPRECATED_OBJC_IMPLEMENTATIONS = YES;
				CLANG_WARN_DIRECT_OBJC_ISA_USAGE = YES_ERROR;
				CLANG_WARN_DOCUMENTATION_COMMENTS = YES;
				CLANG_WARN_EMPTY_BODY = YES;
				CLANG_WARN_ENUM_CONVERSION = YES;
				CLANG_WARN_INFINITE_RECURSION = YES;
				CLANG_WARN_INT_CONVERSION = YES;
				CLANG_WARN_NON_LITERAL_NULL_CONVERSION = YES;
				CLANG_WARN_OBJC_IMPLICIT_RETAIN_SELF = YES;
				CLANG_WARN_OBJC_LITERAL_CONVERSION = YES;
				CLANG_WARN_OBJC_ROOT_CLASS = YES_ERROR;
				CLANG_WARN_RANGE_LOOP_ANALYSIS = YES;
				CLANG_WARN_STRICT_PROTOTYPES = YES;
				CLANG_WARN_SUSPICIOUS_MOVE = YES;
				CLANG_WARN_UNGUARDED_AVAILABILITY = YES_AGGRESSIVE;
				CLANG_WARN_UNREACHABLE_CODE = YES;
				CLANG_WARN__DUPLICATE_METHOD_MATCH = YES;
				CODE_SIGN_IDENTITY = "iPhone Developer";
				COPY_PHASE_STRIP = NO;
				DEBUG_INFORMATION_FORMAT = dwarf;
				ENABLE_STRICT_OBJC_MSGSEND = YES;
				ENABLE_TESTABILITY = YES;
				GCC_C_LANGUAGE_STANDARD = gnu11;
				GCC_DYNAMIC_NO_PIC = NO;
				GCC_NO_COMMON_BLOCKS = YES;
				GCC_OPTIMIZATION_LEVEL = 0;
				GCC_PREPROCESSOR_DEFINITIONS = (
					"DEBUG=1",
					"$(inherited)",
				);
				GCC_WARN_64_TO_32_BIT_CONVERSION = YES;
				GCC_WARN_ABOUT_RETURN_TYPE = YES_ERROR;
				GCC_WARN_UNDECLARED_SELECTOR = YES;
				GCC_WARN_UNINITIALIZED_AUTOS = YES_AGGRESSIVE;
				GCC_WARN_UNUSED_FUNCTION = YES;
				GCC_WARN_UNUSED_VARIABLE = YES;
				IPHONEOS_DEPLOYMENT_TARGET = 12.0;
				MTL_ENABLE_DEBUG_INFO = INCLUDE_SOURCE;
				MTL_FAST_MATH = YES;
				ONLY_ACTIVE_ARCH = YES;
				SDKROOT = iphoneos;
			};
			name = Debug;
		};
		237C845F21E6E5600058652A /* Release */ = {
			isa = XCBuildConfiguration;
			buildSettings = {
				ALWAYS_SEARCH_USER_PATHS = NO;
				CLANG_ANALYZER_NONNULL = YES;
				CLANG_ANALYZER_NUMBER_OBJECT_CONVERSION = YES_AGGRESSIVE;
				CLANG_CXX_LANGUAGE_STANDARD = "gnu++14";
				CLANG_CXX_LIBRARY = "libc++";
				CLANG_ENABLE_MODULES = YES;
				CLANG_ENABLE_OBJC_ARC = YES;
				CLANG_ENABLE_OBJC_WEAK = YES;
				CLANG_WARN_BLOCK_CAPTURE_AUTORELEASING = YES;
				CLANG_WARN_BOOL_CONVERSION = YES;
				CLANG_WARN_COMMA = YES;
				CLANG_WARN_CONSTANT_CONVERSION = YES;
				CLANG_WARN_DEPRECATED_OBJC_IMPLEMENTATIONS = YES;
				CLANG_WARN_DIRECT_OBJC_ISA_USAGE = YES_ERROR;
				CLANG_WARN_DOCUMENTATION_COMMENTS = YES;
				CLANG_WARN_EMPTY_BODY = YES;
				CLANG_WARN_ENUM_CONVERSION = YES;
				CLANG_WARN_INFINITE_RECURSION = YES;
				CLANG_WARN_INT_CONVERSION = YES;
				CLANG_WARN_NON_LITERAL_NULL_CONVERSION = YES;
				CLANG_WARN_OBJC_IMPLICIT_RETAIN_SELF = YES;
				CLANG_WARN_OBJC_LITERAL_CONVERSION = YES;
				CLANG_WARN_OBJC_ROOT_CLASS = YES_ERROR;
				CLANG_WARN_RANGE_LOOP_ANALYSIS = YES;
				CLANG_WARN_STRICT_PROTOTYPES = YES;
				CLANG_WARN_SUSPICIOUS_MOVE = YES;
				CLANG_WARN_UNGUARDED_AVAILABILITY = YES_AGGRESSIVE;
				CLANG_WARN_UNREACHABLE_CODE = YES;
				CLANG_WARN__DUPLICATE_METHOD_MATCH = YES;
				CODE_SIGN_IDENTITY = "iPhone Developer";
				COPY_PHASE_STRIP = NO;
				DEBUG_INFORMATION_FORMAT = "dwarf-with-dsym";
				ENABLE_NS_ASSERTIONS = NO;
				ENABLE_STRICT_OBJC_MSGSEND = YES;
				GCC_C_LANGUAGE_STANDARD = gnu11;
				GCC_NO_COMMON_BLOCKS = YES;
				GCC_WARN_64_TO_32_BIT_CONVERSION = YES;
				GCC_WARN_ABOUT_RETURN_TYPE = YES_ERROR;
				GCC_WARN_UNDECLARED_SELECTOR = YES;
				GCC_WARN_UNINITIALIZED_AUTOS = YES_AGGRESSIVE;
				GCC_WARN_UNUSED_FUNCTION = YES;
				GCC_WARN_UNUSED_VARIABLE = YES;
				IPHONEOS_DEPLOYMENT_TARGET = 12.0;
				MTL_ENABLE_DEBUG_INFO = NO;
				MTL_FAST_MATH = YES;
				SDKROOT = iphoneos;
				VALIDATE_PRODUCT = YES;
			};
			name = Release;
		};
		237C846121E6E5600058652A /* Debug */ = {
			isa = XCBuildConfiguration;
			buildSettings = {
				ASSETCATALOG_COMPILER_APPICON_NAME = AppIcon;
				CODE_SIGN_STYLE = Automatic;
				DEVELOPMENT_TEAM = UU8H9EQ986;
				INFOPLIST_FILE = YBNestViewsDemo/Info.plist;
				IPHONEOS_DEPLOYMENT_TARGET = 8.0;
				LD_RUNPATH_SEARCH_PATHS = (
					"$(inherited)",
					"@executable_path/Frameworks",
				);
				PRODUCT_BUNDLE_IDENTIFIER = yangbo.YBNestViewsDemo;
				PRODUCT_NAME = "$(TARGET_NAME)";
				TARGETED_DEVICE_FAMILY = "1,2";
			};
			name = Debug;
		};
		237C846221E6E5600058652A /* Release */ = {
			isa = XCBuildConfiguration;
			buildSettings = {
				ASSETCATALOG_COMPILER_APPICON_NAME = AppIcon;
				CODE_SIGN_STYLE = Automatic;
				DEVELOPMENT_TEAM = UU8H9EQ986;
				INFOPLIST_FILE = YBNestViewsDemo/Info.plist;
				IPHONEOS_DEPLOYMENT_TARGET = 8.0;
				LD_RUNPATH_SEARCH_PATHS = (
					"$(inherited)",
					"@executable_path/Frameworks",
				);
				PRODUCT_BUNDLE_IDENTIFIER = yangbo.YBNestViewsDemo;
				PRODUCT_NAME = "$(TARGET_NAME)";
				TARGETED_DEVICE_FAMILY = "1,2";
			};
			name = Release;
		};
/* End XCBuildConfiguration section */

/* Begin XCConfigurationList section */
		237C844521E6E55F0058652A /* Build configuration list for PBXProject "YBNestViewsDemo" */ = {
			isa = XCConfigurationList;
			buildConfigurations = (
				237C845E21E6E5600058652A /* Debug */,
				237C845F21E6E5600058652A /* Release */,
			);
			defaultConfigurationIsVisible = 0;
			defaultConfigurationName = Release;
		};
		237C846021E6E5600058652A /* Build configuration list for PBXNativeTarget "YBNestViewsDemo" */ = {
			isa = XCConfigurationList;
			buildConfigurations = (
				237C846121E6E5600058652A /* Debug */,
				237C846221E6E5600058652A /* Release */,
			);
			defaultConfigurationIsVisible = 0;
			defaultConfigurationName = Release;
		};
/* End XCConfigurationList section */
	};
	rootObject = 237C844221E6E55F0058652A /* Project object */;
}
